// !$*UTF8*$!
{
	archiveVersion = 1;
	classes = {
	};
	objectVersion = 46;
	objects = {

/* Begin PBXBuildFile section */
		EC0786FF1CEC6625003C8172 /* main.m in Sources */ = {isa = PBXBuildFile; fileRef = EC0786FE1CEC6625003C8172 /* main.m */; };
		EC0787021CEC6625003C8172 /* AppDelegate.m in Sources */ = {isa = PBXBuildFile; fileRef = EC0787011CEC6625003C8172 /* AppDelegate.m */; };
		EC0787051CEC6625003C8172 /* ViewController.m in Sources */ = {isa = PBXBuildFile; fileRef = EC0787041CEC6625003C8172 /* ViewController.m */; };
		EC0787081CEC6625003C8172 /* Main.storyboard in Resources */ = {isa = PBXBuildFile; fileRef = EC0787061CEC6625003C8172 /* Main.storyboard */; };
		EC07870A1CEC6625003C8172 /* Assets.xcassets in Resources */ = {isa = PBXBuildFile; fileRef = EC0787091CEC6625003C8172 /* Assets.xcassets */; };
		EC07870D1CEC6625003C8172 /* LaunchScreen.storyboard in Resources */ = {isa = PBXBuildFile; fileRef = EC07870B1CEC6625003C8172 /* LaunchScreen.storyboard */; };
		EC0787161CEC6EA8003C8172 /* Person.m in Sources */ = {isa = PBXBuildFile; fileRef = EC0787151CEC6EA8003C8172 /* Person.m */; };
/* End PBXBuildFile section */

/* Begin PBXFileReference section */
		EC0786FA1CEC6625003C8172 /* RuntimeResearch.app */ = {isa = PBXFileReference; explicitFileType = wrapper.application; includeInIndex = 0; path = RuntimeResearch.app; sourceTree = BUILT_PRODUCTS_DIR; };
		EC0786FE1CEC6625003C8172 /* main.m */ = {isa = PBXFileReference; lastKnownFileType = sourcecode.c.objc; path = main.m; sourceTree = "<group>"; };
		EC0787001CEC6625003C8172 /* AppDelegate.h */ = {isa = PBXFileReference; lastKnownFileType = sourcecode.c.h; path = AppDelegate.h; sourceTree = "<group>"; };
		EC0787011CEC6625003C8172 /* AppDelegate.m */ = {isa = PBXFileReference; lastKnownFileType = sourcecode.c.objc; path = AppDelegate.m; sourceTree = "<group>"; };
		EC0787031CEC6625003C8172 /* ViewController.h */ = {isa = PBXFileReference; lastKnownFileType = sourcecode.c.h; path = ViewController.h; sourceTree = "<group>"; };
		EC0787041CEC6625003C8172 /* ViewController.m */ = {isa = PBXFileReference; lastKnownFileType = sourcecode.c.objc; path = ViewController.m; sourceTree = "<group>"; };
		EC0787071CEC6625003C8172 /* Base */ = {isa = PBXFileReference; lastKnownFileType = file.storyboard; name = Base; path = Base.lproj/Main.storyboard; sourceTree = "<group>"; };
		EC0787091CEC6625003C8172 /* Assets.xcassets */ = {isa = PBXFileReference; lastKnownFileType = folder.assetcatalog; path = Assets.xcassets; sourceTree = "<group>"; };
		EC07870C1CEC6625003C8172 /* Base */ = {isa = PBXFileReference; lastKnownFileType = file.storyboard; name = Base; path = Base.lproj/LaunchScreen.storyboard; sourceTree = "<group>"; };
		EC07870E1CEC6625003C8172 /* Info.plist */ = {isa = PBXFileReference; lastKnownFileType = text.plist.xml; path = Info.plist; sourceTree = "<group>"; };
		EC0787141CEC6EA8003C8172 /* Person.h */ = {isa = PBXFileReference; fileEncoding = 4; lastKnownFileType = sourcecode.c.h; path = Person.h; sourceTree = "<group>"; };
		EC0787151CEC6EA8003C8172 /* Person.m */ = {isa = PBXFileReference; fileEncoding = 4; lastKnownFileType = sourcecode.c.objc; path = Person.m; sourceTree = "<group>"; };
/* End PBXFileReference section */

/* Begin PBXFrameworksBuildPhase section */
		EC0786F71CEC6625003C8172 /* Frameworks */ = {
			isa = PBXFrameworksBuildPhase;
			buildActionMask = 2147483647;
			files = (
			);
			runOnlyForDeploymentPostprocessing = 0;
		};
/* End PBXFrameworksBuildPhase section */

/* Begin PBXGroup section */
		EC0786F11CEC6625003C8172 = {
			isa = PBXGroup;
			children = (
				EC0786FC1CEC6625003C8172 /* RuntimeResearch */,
				EC0786FB1CEC6625003C8172 /* Products */,
			);
			sourceTree = "<group>";
		};
		EC0786FB1CEC6625003C8172 /* Products */ = {
			isa = PBXGroup;
			children = (
				EC0786FA1CEC6625003C8172 /* RuntimeResearch.app */,
			);
			name = Products;
			sourceTree = "<group>";
		};
		EC0786FC1CEC6625003C8172 /* RuntimeResearch */ = {
			isa = PBXGroup;
			children = (
				EC0787001CEC6625003C8172 /* AppDelegate.h */,
				EC0787011CEC6625003C8172 /* AppDelegate.m */,
				EC0787031CEC6625003C8172 /* ViewController.h */,
				EC0787041CEC6625003C8172 /* ViewController.m */,
				EC0787141CEC6EA8003C8172 /* Person.h */,
				EC0787151CEC6EA8003C8172 /* Person.m */,
				EC0787061CEC6625003C8172 /* Main.storyboard */,
				EC0787091CEC6625003C8172 /* Assets.xcassets */,
				EC07870B1CEC6625003C8172 /* LaunchScreen.storyboard */,
				EC07870E1CEC6625003C8172 /* Info.plist */,
				EC0786FD1CEC6625003C8172 /* Supporting Files */,
			);
			path = RuntimeResearch;
			sourceTree = "<group>";
		};
		EC0786FD1CEC6625003C8172 /* Supporting Files */ = {
			isa = PBXGroup;
			children = (
				EC0786FE1CEC6625003C8172 /* main.m */,
			);
			name = "Supporting Files";
			sourceTree = "<group>";
		};
/* End PBXGroup section */

/* Begin PBXNativeTarget section */
		EC0786F91CEC6625003C8172 /* RuntimeResearch */ = {
			isa = PBXNativeTarget;
			buildConfigurationList = EC0787111CEC6625003C8172 /* Build configuration list for PBXNativeTarget "RuntimeResearch" */;
			buildPhases = (
				EC0786F61CEC6625003C8172 /* Sources */,
				EC0786F71CEC6625003C8172 /* Frameworks */,
				EC0786F81CEC6625003C8172 /* Resources */,
			);
			buildRules = (
			);
			dependencies = (
			);
			name = RuntimeResearch;
			productName = RuntimeResearch;
			productReference = EC0786FA1CEC6625003C8172 /* RuntimeResearch.app */;
			productType = "com.apple.product-type.application";
		};
/* End PBXNativeTarget section */

/* Begin PBXProject section */
		EC0786F21CEC6625003C8172 /* Project object */ = {
			isa = PBXProject;
			attributes = {
				LastUpgradeCheck = 0730;
				ORGANIZATIONNAME = Origheart;
				TargetAttributes = {
					EC0786F91CEC6625003C8172 = {
						CreatedOnToolsVersion = 7.3;
					};
				};
			};
			buildConfigurationList = EC0786F51CEC6625003C8172 /* Build configuration list for PBXProject "RuntimeResearch" */;
			compatibilityVersion = "Xcode 3.2";
			developmentRegion = English;
			hasScannedForEncodings = 0;
			knownRegions = (
				en,
				Base,
			);
			mainGroup = EC0786F11CEC6625003C8172;
			productRefGroup = EC0786FB1CEC6625003C8172 /* Products */;
			projectDirPath = "";
			projectRoot = "";
			targets = (
				EC0786F91CEC6625003C8172 /* RuntimeResearch */,
			);
		};
/* End PBXProject section */

/* Begin PBXResourcesBuildPhase section */
		EC0786F81CEC6625003C8172 /* Resources */ = {
			isa = PBXResourcesBuildPhase;
			buildActionMask = 2147483647;
			files = (
				EC07870D1CEC6625003C8172 /* LaunchScreen.storyboard in Resources */,
				EC07870A1CEC6625003C8172 /* Assets.xcassets in Resources */,
				EC0787081CEC6625003C8172 /* Main.storyboard in Resources */,
			);
			runOnlyForDeploymentPostprocessing = 0;
		};
/* End PBXResourcesBuildPhase section */

/* Begin PBXSourcesBuildPhase section */
		EC0786F61CEC6625003C8172 /* Sources */ = {
			isa = PBXSourcesBuildPhase;
			buildActionMask = 2147483647;
			files = (
				EC0787051CEC6625003C8172 /* ViewController.m in Sources */,
				EC0787021CEC6625003C8172 /* AppDelegate.m in Sources */,
				EC0787161CEC6EA8003C8172 /* Person.m in Sources */,
				EC0786FF1CEC6625003C8172 /* main.m in Sources */,
			);
			runOnlyForDeploymentPostprocessing = 0;
		};
/* End PBXSourcesBuildPhase section */

/* Begin PBXVariantGroup section */
		EC0787061CEC6625003C8172 /* Main.storyboard */ = {
			isa = PBXVariantGroup;
			children = (
				EC0787071CEC6625003C8172 /* Base */,
			);
			name = Main.storyboard;
			sourceTree = "<group>";
		};
		EC07870B1CEC6625003C8172 /* LaunchScreen.storyboard */ = {
			isa = PBXVariantGroup;
			children = (
				EC07870C1CEC6625003C8172 /* Base */,
			);
			name = LaunchScreen.storyboard;
			sourceTree = "<group>";
		};
/* End PBXVariantGroup section */

/* Begin XCBuildConfiguration section */
		EC07870F1CEC6625003C8172 /* Debug */ = {
			isa = XCBuildConfiguration;
			buildSettings = {
				ALWAYS_SEARCH_USER_PATHS = NO;
				CLANG_ANALYZER_NONNULL = YES;
				CLANG_CXX_LANGUAGE_STANDARD = "gnu++0x";
				CLANG_CXX_LIBRARY = "libc++";
				CLANG_ENABLE_MODULES = YES;
				CLANG_ENABLE_OBJC_ARC = YES;
				CLANG_WARN_BOOL_CONVERSION = YES;
				CLANG_WARN_CONSTANT_CONVERSION = YES;
				CLANG_WARN_DIRECT_OBJC_ISA_USAGE = YES_ERROR;
				CLANG_WARN_EMPTY_BODY = YES;
				CLANG_WARN_ENUM_CONVERSION = YES;
				CLANG_WARN_INT_CONVERSION = YES;
				CLANG_WARN_OBJC_ROOT_CLASS = YES_ERROR;
				CLANG_WARN_UNREACHABLE_CODE = YES;
				CLANG_WARN__DUPLICATE_METHOD_MATCH = YES;
				"CODE_SIGN_IDENTITY[sdk=iphoneos*]" = "iPhone Developer";
				COPY_PHASE_STRIP = NO;
				DEBUG_INFORMATION_FORMAT = dwarf;
				ENABLE_STRICT_OBJC_MSGSEND = YES;
				ENABLE_TESTABILITY = YES;
				GCC_C_LANGUAGE_STANDARD = gnu99;
				GCC_DYNAMIC_NO_PIC = NO;
				GCC_NO_COMMON_BLOCKS = YES;
				GCC_OPTIMIZATION_LEVEL = 0;
				GCC_PREPROCESSOR_DEFINITIONS = (
					"DEBUG=1",
					"$(inherited)",
				);
				GCC_WARN_64_TO_32_BIT_CONVERSION = YES;
				GCC_WARN_ABOUT_RETURN_TYPE = YES_ERROR;
				GCC_WARN_UNDECLARED_SELECTOR = YES;
				GCC_WARN_UNINITIALIZED_AUTOS = YES_AGGRESSIVE;
				GCC_WARN_UNUSED_FUNCTION = YES;
				GCC_WARN_UNUSED_VARIABLE = YES;
				IPHONEOS_DEPLOYMENT_TARGET = 9.3;
				MTL_ENABLE_DEBUG_INFO = YES;
				ONLY_ACTIVE_ARCH = YES;
				SDKROOT = iphoneos;
			};
			name = Debug;
		};
		EC0787101CEC6625003C8172 /* Release */ = {
			isa = XCBuildConfiguration;
			buildSettings = {
				ALWAYS_SEARCH_USER_PATHS = NO;
				CLANG_ANALYZER_NONNULL = YES;
				CLANG_CXX_LANGUAGE_STANDARD = "gnu++0x";
				CLANG_CXX_LIBRARY = "libc++";
				CLANG_ENABLE_MODULES = YES;
				CLANG_ENABLE_OBJC_ARC = YES;
				CLANG_WARN_BOOL_CONVERSION = YES;
				CLANG_WARN_CONSTANT_CONVERSION = YES;
				CLANG_WARN_DIRECT_OBJC_ISA_USAGE = YES_ERROR;
				CLANG_WARN_EMPTY_BODY = YES;
				CLANG_WARN_ENUM_CONVERSION = YES;
				CLANG_WARN_INT_CONVERSION = YES;
				CLANG_WARN_OBJC_ROOT_CLASS = YES_ERROR;
				CLANG_WARN_UNREACHABLE_CODE = YES;
				CLANG_WARN__DUPLICATE_METHOD_MATCH = YES;
				"CODE_SIGN_IDENTITY[sdk=iphoneos*]" = "iPhone Developer";
				COPY_PHASE_STRIP = NO;
				DEBUG_INFORMATION_FORMAT = "dwarf-with-dsym";
				ENABLE_NS_ASSERTIONS = NO;
				ENABLE_STRICT_OBJC_MSGSEND = YES;
				GCC_C_LANGUAGE_STANDARD = gnu99;
				GCC_NO_COMMON_BLOCKS = YES;
				GCC_WARN_64_TO_32_BIT_CONVERSION = YES;
				GCC_WARN_ABOUT_RETURN_TYPE = YES_ERROR;
				GCC_WARN_UNDECLARED_SELECTOR = YES;
				GCC_WARN_UNINITIALIZED_AUTOS = YES_AGGRESSIVE;
				GCC_WARN_UNUSED_FUNCTION = YES;
				GCC_WARN_UNUSED_VARIABLE = YES;
				IPHONEOS_DEPLOYMENT_TARGET = 9.3;
				MTL_ENABLE_DEBUG_INFO = NO;
				SDKROOT = iphoneos;
				VALIDATE_PRODUCT = YES;
			};
			name = Release;
		};
		EC0787121CEC6625003C8172 /* Debug */ = {
			isa = XCBuildConfiguration;
			buildSettings = {
				ASSETCATALOG_COMPILER_APPICON_NAME = AppIcon;
				ENABLE_STRICT_OBJC_MSGSEND = NO;
				INFOPLIST_FILE = RuntimeResearch/Info.plist;
				LD_RUNPATH_SEARCH_PATHS = "$(inherited) @executable_path/Frameworks";
				PRODUCT_BUNDLE_IDENTIFIER = com.51offer.RuntimeResearch;
				PRODUCT_NAME = "$(TARGET_NAME)";
			};
			name = Debug;
		};
		EC0787131CEC6625003C8172 /* Release */ = {
			isa = XCBuildConfiguration;
			buildSettings = {
				ASSETCATALOG_COMPILER_APPICON_NAME = AppIcon;
				ENABLE_STRICT_OBJC_MSGSEND = NO;
				INFOPLIST_FILE = RuntimeResearch/Info.plist;
				LD_RUNPATH_SEARCH_PATHS = "$(inherited) @executable_path/Frameworks";
				PRODUCT_BUNDLE_IDENTIFIER = com.51offer.RuntimeResearch;
				PRODUCT_NAME = "$(TARGET_NAME)";
			};
			name = Release;
		};
/* End XCBuildConfiguration section */

/* Begin XCConfigurationList section */
		EC0786F51CEC6625003C8172 /* Build configuration list for PBXProject "RuntimeResearch" */ = {
			isa = XCConfigurationList;
			buildConfigurations = (
				EC07870F1CEC6625003C8172 /* Debug */,
				EC0787101CEC6625003C8172 /* Release */,
			);
			defaultConfigurationIsVisible = 0;
			defaultConfigurationName = Release;
		};
		EC0787111CEC6625003C8172 /* Build configuration list for PBXNativeTarget "RuntimeResearch" */ = {
			isa = XCConfigurationList;
			buildConfigurations = (
				EC0787121CEC6625003C8172 /* Debug */,
				EC0787131CEC6625003C8172 /* Release */,
			);
			defaultConfigurationIsVisible = 0;
			defaultConfigurationName = Release;
		};
/* End XCConfigurationList section */
	};
	rootObject = EC0786F21CEC6625003C8172 /* Project object */;
}
