// !$*UTF8*$!
{
	archiveVersion = 1;
	classes = {
	};
	objectVersion = 46;
	objects = {

/* Begin PBXBuildFile section */
		C4033C1F1D7726B40094FFF9 /* AppDelegate.swift in Sources */ = {isa = PBXBuildFile; fileRef = C4033C1E1D7726B40094FFF9 /* AppDelegate.swift */; };
		C4033C211D7726B40094FFF9 /* ViewController.swift in Sources */ = {isa = PBXBuildFile; fileRef = C4033C201D7726B40094FFF9 /* ViewController.swift */; };
		C4033C241D7726B40094FFF9 /* Main.storyboard in Resources */ = {isa = PBXBuildFile; fileRef = C4033C221D7726B40094FFF9 /* Main.storyboard */; };
		C4033C261D7726B40094FFF9 /* Assets.xcassets in Resources */ = {isa = PBXBuildFile; fileRef = C4033C251D7726B40094FFF9 /* Assets.xcassets */; };
		C4033C291D7726B40094FFF9 /* LaunchScreen.storyboard in Resources */ = {isa = PBXBuildFile; fileRef = C4033C271D7726B40094FFF9 /* LaunchScreen.storyboard */; };
		C4033C311D7726CF0094FFF9 /* Helper.swift in Sources */ = {isa = PBXBuildFile; fileRef = C4033C301D7726CF0094FFF9 /* Helper.swift */; };
/* End PBXBuildFile section */

/* Begin PBXFileReference section */
		C4033C1B1D7726B40094FFF9 /* PrintLog.app */ = {isa = PBXFileReference; explicitFileType = wrapper.application; includeInIndex = 0; path = PrintLog.app; sourceTree = BUILT_PRODUCTS_DIR; };
		C4033C1E1D7726B40094FFF9 /* AppDelegate.swift */ = {isa = PBXFileReference; lastKnownFileType = sourcecode.swift; path = AppDelegate.swift; sourceTree = "<group>"; };
		C4033C201D7726B40094FFF9 /* ViewController.swift */ = {isa = PBXFileReference; lastKnownFileType = sourcecode.swift; path = ViewController.swift; sourceTree = "<group>"; };
		C4033C231D7726B40094FFF9 /* Base */ = {isa = PBXFileReference; lastKnownFileType = file.storyboard; name = Base; path = Base.lproj/Main.storyboard; sourceTree = "<group>"; };
		C4033C251D7726B40094FFF9 /* Assets.xcassets */ = {isa = PBXFileReference; lastKnownFileType = folder.assetcatalog; path = Assets.xcassets; sourceTree = "<group>"; };
		C4033C281D7726B40094FFF9 /* Base */ = {isa = PBXFileReference; lastKnownFileType = file.storyboard; name = Base; path = Base.lproj/LaunchScreen.storyboard; sourceTree = "<group>"; };
		C4033C2A1D7726B40094FFF9 /* Info.plist */ = {isa = PBXFileReference; lastKnownFileType = text.plist.xml; path = Info.plist; sourceTree = "<group>"; };
		C4033C301D7726CF0094FFF9 /* Helper.swift */ = {isa = PBXFileReference; fileEncoding = 4; lastKnownFileType = sourcecode.swift; path = Helper.swift; sourceTree = "<group>"; };
/* End PBXFileReference section */

/* Begin PBXFrameworksBuildPhase section */
		C4033C181D7726B40094FFF9 /* Frameworks */ = {
			isa = PBXFrameworksBuildPhase;
			buildActionMask = 2147483647;
			files = (
			);
			runOnlyForDeploymentPostprocessing = 0;
		};
/* End PBXFrameworksBuildPhase section */

/* Begin PBXGroup section */
		C4033C121D7726B40094FFF9 = {
			isa = PBXGroup;
			children = (
				C4033C1D1D7726B40094FFF9 /* PrintLog */,
				C4033C1C1D7726B40094FFF9 /* Products */,
			);
			sourceTree = "<group>";
		};
		C4033C1C1D7726B40094FFF9 /* Products */ = {
			isa = PBXGroup;
			children = (
				C4033C1B1D7726B40094FFF9 /* PrintLog.app */,
			);
			name = Products;
			sourceTree = "<group>";
		};
		C4033C1D1D7726B40094FFF9 /* PrintLog */ = {
			isa = PBXGroup;
			children = (
				C4033C1E1D7726B40094FFF9 /* AppDelegate.swift */,
				C4033C301D7726CF0094FFF9 /* Helper.swift */,
				C4033C201D7726B40094FFF9 /* ViewController.swift */,
				C4033C221D7726B40094FFF9 /* Main.storyboard */,
				C4033C251D7726B40094FFF9 /* Assets.xcassets */,
				C4033C271D7726B40094FFF9 /* LaunchScreen.storyboard */,
				C4033C2A1D7726B40094FFF9 /* Info.plist */,
			);
			path = PrintLog;
			sourceTree = "<group>";
		};
/* End PBXGroup section */

/* Begin PBXNativeTarget section */
		C4033C1A1D7726B40094FFF9 /* PrintLog */ = {
			isa = PBXNativeTarget;
			buildConfigurationList = C4033C2D1D7726B40094FFF9 /* Build configuration list for PBXNativeTarget "PrintLog" */;
			buildPhases = (
				C4033C171D7726B40094FFF9 /* Sources */,
				C4033C181D7726B40094FFF9 /* Frameworks */,
				C4033C191D7726B40094FFF9 /* Resources */,
			);
			buildRules = (
			);
			dependencies = (
			);
			name = PrintLog;
			productName = PrintLog;
			productReference = C4033C1B1D7726B40094FFF9 /* PrintLog.app */;
			productType = "com.apple.product-type.application";
		};
/* End PBXNativeTarget section */

/* Begin PBXProject section */
		C4033C131D7726B40094FFF9 /* Project object */ = {
			isa = PBXProject;
			attributes = {
				LastSwiftUpdateCheck = 0730;
				LastUpgradeCheck = 0730;
				ORGANIZATIONNAME = "刘康";
				TargetAttributes = {
					C4033C1A1D7726B40094FFF9 = {
						CreatedOnToolsVersion = 7.3.1;
					};
				};
			};
			buildConfigurationList = C4033C161D7726B40094FFF9 /* Build configuration list for PBXProject "PrintLog" */;
			compatibilityVersion = "Xcode 3.2";
			developmentRegion = English;
			hasScannedForEncodings = 0;
			knownRegions = (
				en,
				Base,
			);
			mainGroup = C4033C121D7726B40094FFF9;
			productRefGroup = C4033C1C1D7726B40094FFF9 /* Products */;
			projectDirPath = "";
			projectRoot = "";
			targets = (
				C4033C1A1D7726B40094FFF9 /* PrintLog */,
			);
		};
/* End PBXProject section */

/* Begin PBXResourcesBuildPhase section */
		C4033C191D7726B40094FFF9 /* Resources */ = {
			isa = PBXResourcesBuildPhase;
			buildActionMask = 2147483647;
			files = (
				C4033C291D7726B40094FFF9 /* LaunchScreen.storyboard in Resources */,
				C4033C261D7726B40094FFF9 /* Assets.xcassets in Resources */,
				C4033C241D7726B40094FFF9 /* Main.storyboard in Resources */,
			);
			runOnlyForDeploymentPostprocessing = 0;
		};
/* End PBXResourcesBuildPhase section */

/* Begin PBXSourcesBuildPhase section */
		C4033C171D7726B40094FFF9 /* Sources */ = {
			isa = PBXSourcesBuildPhase;
			buildActionMask = 2147483647;
			files = (
				C4033C211D7726B40094FFF9 /* ViewController.swift in Sources */,
				C4033C1F1D7726B40094FFF9 /* AppDelegate.swift in Sources */,
				C4033C311D7726CF0094FFF9 /* Helper.swift in Sources */,
			);
			runOnlyForDeploymentPostprocessing = 0;
		};
/* End PBXSourcesBuildPhase section */

/* Begin PBXVariantGroup section */
		C4033C221D7726B40094FFF9 /* Main.storyboard */ = {
			isa = PBXVariantGroup;
			children = (
				C4033C231D7726B40094FFF9 /* Base */,
			);
			name = Main.storyboard;
			sourceTree = "<group>";
		};
		C4033C271D7726B40094FFF9 /* LaunchScreen.storyboard */ = {
			isa = PBXVariantGroup;
			children = (
				C4033C281D7726B40094FFF9 /* Base */,
			);
			name = LaunchScreen.storyboard;
			sourceTree = "<group>";
		};
/* End PBXVariantGroup section */

/* Begin XCBuildConfiguration section */
		C4033C2B1D7726B40094FFF9 /* Debug */ = {
			isa = XCBuildConfiguration;
			buildSettings = {
				ALWAYS_SEARCH_USER_PATHS = NO;
				CLANG_ANALYZER_NONNULL = YES;
				CLANG_CXX_LANGUAGE_STANDARD = "gnu++0x";
				CLANG_CXX_LIBRARY = "libc++";
				CLANG_ENABLE_MODULES = YES;
				CLANG_ENABLE_OBJC_ARC = YES;
				CLANG_WARN_BOOL_CONVERSION = YES;
				CLANG_WARN_CONSTANT_CONVERSION = YES;
				CLANG_WARN_DIRECT_OBJC_ISA_USAGE = YES_ERROR;
				CLANG_WARN_EMPTY_BODY = YES;
				CLANG_WARN_ENUM_CONVERSION = YES;
				CLANG_WARN_INT_CONVERSION = YES;
				CLANG_WARN_OBJC_ROOT_CLASS = YES_ERROR;
				CLANG_WARN_UNREACHABLE_CODE = YES;
				CLANG_WARN__DUPLICATE_METHOD_MATCH = YES;
				"CODE_SIGN_IDENTITY[sdk=iphoneos*]" = "iPhone Developer";
				COPY_PHASE_STRIP = NO;
				DEBUG_INFORMATION_FORMAT = dwarf;
				ENABLE_STRICT_OBJC_MSGSEND = YES;
				ENABLE_TESTABILITY = YES;
				GCC_C_LANGUAGE_STANDARD = gnu99;
				GCC_DYNAMIC_NO_PIC = NO;
				GCC_NO_COMMON_BLOCKS = YES;
				GCC_OPTIMIZATION_LEVEL = 0;
				GCC_PREPROCESSOR_DEFINITIONS = (
					"DEBUG=1",
					"$(inherited)",
				);
				GCC_WARN_64_TO_32_BIT_CONVERSION = YES;
				GCC_WARN_ABOUT_RETURN_TYPE = YES_ERROR;
				GCC_WARN_UNDECLARED_SELECTOR = YES;
				GCC_WARN_UNINITIALIZED_AUTOS = YES_AGGRESSIVE;
				GCC_WARN_UNUSED_FUNCTION = YES;
				GCC_WARN_UNUSED_VARIABLE = YES;
				IPHONEOS_DEPLOYMENT_TARGET = 9.3;
				MTL_ENABLE_DEBUG_INFO = YES;
				ONLY_ACTIVE_ARCH = YES;
				SDKROOT = iphoneos;
				SWIFT_OPTIMIZATION_LEVEL = "-Onone";
			};
			name = Debug;
		};
		C4033C2C1D7726B40094FFF9 /* Release */ = {
			isa = XCBuildConfiguration;
			buildSettings = {
				ALWAYS_SEARCH_USER_PATHS = NO;
				CLANG_ANALYZER_NONNULL = YES;
				CLANG_CXX_LANGUAGE_STANDARD = "gnu++0x";
				CLANG_CXX_LIBRARY = "libc++";
				CLANG_ENABLE_MODULES = YES;
				CLANG_ENABLE_OBJC_ARC = YES;
				CLANG_WARN_BOOL_CONVERSION = YES;
				CLANG_WARN_CONSTANT_CONVERSION = YES;
				CLANG_WARN_DIRECT_OBJC_ISA_USAGE = YES_ERROR;
				CLANG_WARN_EMPTY_BODY = YES;
				CLANG_WARN_ENUM_CONVERSION = YES;
				CLANG_WARN_INT_CONVERSION = YES;
				CLANG_WARN_OBJC_ROOT_CLASS = YES_ERROR;
				CLANG_WARN_UNREACHABLE_CODE = YES;
				CLANG_WARN__DUPLICATE_METHOD_MATCH = YES;
				"CODE_SIGN_IDENTITY[sdk=iphoneos*]" = "iPhone Developer";
				COPY_PHASE_STRIP = NO;
				DEBUG_INFORMATION_FORMAT = "dwarf-with-dsym";
				ENABLE_NS_ASSERTIONS = NO;
				ENABLE_STRICT_OBJC_MSGSEND = YES;
				GCC_C_LANGUAGE_STANDARD = gnu99;
				GCC_NO_COMMON_BLOCKS = YES;
				GCC_WARN_64_TO_32_BIT_CONVERSION = YES;
				GCC_WARN_ABOUT_RETURN_TYPE = YES_ERROR;
				GCC_WARN_UNDECLARED_SELECTOR = YES;
				GCC_WARN_UNINITIALIZED_AUTOS = YES_AGGRESSIVE;
				GCC_WARN_UNUSED_FUNCTION = YES;
				GCC_WARN_UNUSED_VARIABLE = YES;
				IPHONEOS_DEPLOYMENT_TARGET = 9.3;
				MTL_ENABLE_DEBUG_INFO = NO;
				SDKROOT = iphoneos;
				VALIDATE_PRODUCT = YES;
			};
			name = Release;
		};
		C4033C2E1D7726B40094FFF9 /* Debug */ = {
			isa = XCBuildConfiguration;
			buildSettings = {
				ASSETCATALOG_COMPILER_APPICON_NAME = AppIcon;
				INFOPLIST_FILE = PrintLog/Info.plist;
				LD_RUNPATH_SEARCH_PATHS = "$(inherited) @executable_path/Frameworks";
				OTHER_SWIFT_FLAGS = "";
				PRODUCT_BUNDLE_IDENTIFIER = com.origheart.PrintLog;
				PRODUCT_NAME = "$(TARGET_NAME)";
			};
			name = Debug;
		};
		C4033C2F1D7726B40094FFF9 /* Release */ = {
			isa = XCBuildConfiguration;
			buildSettings = {
				ASSETCATALOG_COMPILER_APPICON_NAME = AppIcon;
				INFOPLIST_FILE = PrintLog/Info.plist;
				LD_RUNPATH_SEARCH_PATHS = "$(inherited) @executable_path/Frameworks";
				OTHER_SWIFT_FLAGS = "";
				PRODUCT_BUNDLE_IDENTIFIER = com.origheart.PrintLog;
				PRODUCT_NAME = "$(TARGET_NAME)";
			};
			name = Release;
		};
/* End XCBuildConfiguration section */

/* Begin XCConfigurationList section */
		C4033C161D7726B40094FFF9 /* Build configuration list for PBXProject "PrintLog" */ = {
			isa = XCConfigurationList;
			buildConfigurations = (
				C4033C2B1D7726B40094FFF9 /* Debug */,
				C4033C2C1D7726B40094FFF9 /* Release */,
			);
			defaultConfigurationIsVisible = 0;
			defaultConfigurationName = Release;
		};
		C4033C2D1D7726B40094FFF9 /* Build configuration list for PBXNativeTarget "PrintLog" */ = {
			isa = XCConfigurationList;
			buildConfigurations = (
				C4033C2E1D7726B40094FFF9 /* Debug */,
				C4033C2F1D7726B40094FFF9 /* Release */,
			);
			defaultConfigurationIsVisible = 0;
		};
/* End XCConfigurationList section */
	};
	rootObject = C4033C131D7726B40094FFF9 /* Project object */;
}
