// !$*UTF8*$!
{
	archiveVersion = 1;
	classes = {
	};
	objectVersion = 46;
	objects = {

/* Begin PBXBuildFile section */
		C4B03C051D65FFAD00DAECAC /* AppDelegate.swift in Sources */ = {isa = PBXBuildFile; fileRef = C4B03C041D65FFAD00DAECAC /* AppDelegate.swift */; };
		C4B03C071D65FFAD00DAECAC /* ViewController.swift in Sources */ = {isa = PBXBuildFile; fileRef = C4B03C061D65FFAD00DAECAC /* ViewController.swift */; };
		C4B03C0A1D65FFAD00DAECAC /* Main.storyboard in Resources */ = {isa = PBXBuildFile; fileRef = C4B03C081D65FFAD00DAECAC /* Main.storyboard */; };
		C4B03C0C1D65FFAD00DAECAC /* Assets.xcassets in Resources */ = {isa = PBXBuildFile; fileRef = C4B03C0B1D65FFAD00DAECAC /* Assets.xcassets */; };
		C4B03C0F1D65FFAD00DAECAC /* LaunchScreen.storyboard in Resources */ = {isa = PBXBuildFile; fileRef = C4B03C0D1D65FFAD00DAECAC /* LaunchScreen.storyboard */; };
		C4B03C171D66019700DAECAC /* AnimalPickerViewController.swift in Sources */ = {isa = PBXBuildFile; fileRef = C4B03C161D66019700DAECAC /* AnimalPickerViewController.swift */; };
/* End PBXBuildFile section */

/* Begin PBXFileReference section */
		C4B03C011D65FFAD00DAECAC /* UnwindSegue.app */ = {isa = PBXFileReference; explicitFileType = wrapper.application; includeInIndex = 0; path = UnwindSegue.app; sourceTree = BUILT_PRODUCTS_DIR; };
		C4B03C041D65FFAD00DAECAC /* AppDelegate.swift */ = {isa = PBXFileReference; lastKnownFileType = sourcecode.swift; path = AppDelegate.swift; sourceTree = "<group>"; };
		C4B03C061D65FFAD00DAECAC /* ViewController.swift */ = {isa = PBXFileReference; lastKnownFileType = sourcecode.swift; path = ViewController.swift; sourceTree = "<group>"; };
		C4B03C091D65FFAD00DAECAC /* Base */ = {isa = PBXFileReference; lastKnownFileType = file.storyboard; name = Base; path = Base.lproj/Main.storyboard; sourceTree = "<group>"; };
		C4B03C0B1D65FFAD00DAECAC /* Assets.xcassets */ = {isa = PBXFileReference; lastKnownFileType = folder.assetcatalog; path = Assets.xcassets; sourceTree = "<group>"; };
		C4B03C0E1D65FFAD00DAECAC /* Base */ = {isa = PBXFileReference; lastKnownFileType = file.storyboard; name = Base; path = Base.lproj/LaunchScreen.storyboard; sourceTree = "<group>"; };
		C4B03C101D65FFAD00DAECAC /* Info.plist */ = {isa = PBXFileReference; lastKnownFileType = text.plist.xml; path = Info.plist; sourceTree = "<group>"; };
		C4B03C161D66019700DAECAC /* AnimalPickerViewController.swift */ = {isa = PBXFileReference; fileEncoding = 4; lastKnownFileType = sourcecode.swift; path = AnimalPickerViewController.swift; sourceTree = "<group>"; };
/* End PBXFileReference section */

/* Begin PBXFrameworksBuildPhase section */
		C4B03BFE1D65FFAD00DAECAC /* Frameworks */ = {
			isa = PBXFrameworksBuildPhase;
			buildActionMask = 2147483647;
			files = (
			);
			runOnlyForDeploymentPostprocessing = 0;
		};
/* End PBXFrameworksBuildPhase section */

/* Begin PBXGroup section */
		C4B03BF81D65FFAD00DAECAC = {
			isa = PBXGroup;
			children = (
				C4B03C031D65FFAD00DAECAC /* UnwindSegue */,
				C4B03C021D65FFAD00DAECAC /* Products */,
			);
			sourceTree = "<group>";
		};
		C4B03C021D65FFAD00DAECAC /* Products */ = {
			isa = PBXGroup;
			children = (
				C4B03C011D65FFAD00DAECAC /* UnwindSegue.app */,
			);
			name = Products;
			sourceTree = "<group>";
		};
		C4B03C031D65FFAD00DAECAC /* UnwindSegue */ = {
			isa = PBXGroup;
			children = (
				C4B03C041D65FFAD00DAECAC /* AppDelegate.swift */,
				C4B03C061D65FFAD00DAECAC /* ViewController.swift */,
				C4B03C161D66019700DAECAC /* AnimalPickerViewController.swift */,
				C4B03C081D65FFAD00DAECAC /* Main.storyboard */,
				C4B03C0B1D65FFAD00DAECAC /* Assets.xcassets */,
				C4B03C0D1D65FFAD00DAECAC /* LaunchScreen.storyboard */,
				C4B03C101D65FFAD00DAECAC /* Info.plist */,
			);
			path = UnwindSegue;
			sourceTree = "<group>";
		};
/* End PBXGroup section */

/* Begin PBXNativeTarget section */
		C4B03C001D65FFAD00DAECAC /* UnwindSegue */ = {
			isa = PBXNativeTarget;
			buildConfigurationList = C4B03C131D65FFAD00DAECAC /* Build configuration list for PBXNativeTarget "UnwindSegue" */;
			buildPhases = (
				C4B03BFD1D65FFAD00DAECAC /* Sources */,
				C4B03BFE1D65FFAD00DAECAC /* Frameworks */,
				C4B03BFF1D65FFAD00DAECAC /* Resources */,
			);
			buildRules = (
			);
			dependencies = (
			);
			name = UnwindSegue;
			productName = UnwindSegue;
			productReference = C4B03C011D65FFAD00DAECAC /* UnwindSegue.app */;
			productType = "com.apple.product-type.application";
		};
/* End PBXNativeTarget section */

/* Begin PBXProject section */
		C4B03BF91D65FFAD00DAECAC /* Project object */ = {
			isa = PBXProject;
			attributes = {
				LastSwiftUpdateCheck = 0730;
				LastUpgradeCheck = 0730;
				ORGANIZATIONNAME = "刘康";
				TargetAttributes = {
					C4B03C001D65FFAD00DAECAC = {
						CreatedOnToolsVersion = 7.3.1;
					};
				};
			};
			buildConfigurationList = C4B03BFC1D65FFAD00DAECAC /* Build configuration list for PBXProject "UnwindSegue" */;
			compatibilityVersion = "Xcode 3.2";
			developmentRegion = English;
			hasScannedForEncodings = 0;
			knownRegions = (
				en,
				Base,
			);
			mainGroup = C4B03BF81D65FFAD00DAECAC;
			productRefGroup = C4B03C021D65FFAD00DAECAC /* Products */;
			projectDirPath = "";
			projectRoot = "";
			targets = (
				C4B03C001D65FFAD00DAECAC /* UnwindSegue */,
			);
		};
/* End PBXProject section */

/* Begin PBXResourcesBuildPhase section */
		C4B03BFF1D65FFAD00DAECAC /* Resources */ = {
			isa = PBXResourcesBuildPhase;
			buildActionMask = 2147483647;
			files = (
				C4B03C0F1D65FFAD00DAECAC /* LaunchScreen.storyboard in Resources */,
				C4B03C0C1D65FFAD00DAECAC /* Assets.xcassets in Resources */,
				C4B03C0A1D65FFAD00DAECAC /* Main.storyboard in Resources */,
			);
			runOnlyForDeploymentPostprocessing = 0;
		};
/* End PBXResourcesBuildPhase section */

/* Begin PBXSourcesBuildPhase section */
		C4B03BFD1D65FFAD00DAECAC /* Sources */ = {
			isa = PBXSourcesBuildPhase;
			buildActionMask = 2147483647;
			files = (
				C4B03C071D65FFAD00DAECAC /* ViewController.swift in Sources */,
				C4B03C171D66019700DAECAC /* AnimalPickerViewController.swift in Sources */,
				C4B03C051D65FFAD00DAECAC /* AppDelegate.swift in Sources */,
			);
			runOnlyForDeploymentPostprocessing = 0;
		};
/* End PBXSourcesBuildPhase section */

/* Begin PBXVariantGroup section */
		C4B03C081D65FFAD00DAECAC /* Main.storyboard */ = {
			isa = PBXVariantGroup;
			children = (
				C4B03C091D65FFAD00DAECAC /* Base */,
			);
			name = Main.storyboard;
			sourceTree = "<group>";
		};
		C4B03C0D1D65FFAD00DAECAC /* LaunchScreen.storyboard */ = {
			isa = PBXVariantGroup;
			children = (
				C4B03C0E1D65FFAD00DAECAC /* Base */,
			);
			name = LaunchScreen.storyboard;
			sourceTree = "<group>";
		};
/* End PBXVariantGroup section */

/* Begin XCBuildConfiguration section */
		C4B03C111D65FFAD00DAECAC /* Debug */ = {
			isa = XCBuildConfiguration;
			buildSettings = {
				ALWAYS_SEARCH_USER_PATHS = NO;
				CLANG_ANALYZER_NONNULL = YES;
				CLANG_CXX_LANGUAGE_STANDARD = "gnu++0x";
				CLANG_CXX_LIBRARY = "libc++";
				CLANG_ENABLE_MODULES = YES;
				CLANG_ENABLE_OBJC_ARC = YES;
				CLANG_WARN_BOOL_CONVERSION = YES;
				CLANG_WARN_CONSTANT_CONVERSION = YES;
				CLANG_WARN_DIRECT_OBJC_ISA_USAGE = YES_ERROR;
				CLANG_WARN_EMPTY_BODY = YES;
				CLANG_WARN_ENUM_CONVERSION = YES;
				CLANG_WARN_INT_CONVERSION = YES;
				CLANG_WARN_OBJC_ROOT_CLASS = YES_ERROR;
				CLANG_WARN_UNREACHABLE_CODE = YES;
				CLANG_WARN__DUPLICATE_METHOD_MATCH = YES;
				"CODE_SIGN_IDENTITY[sdk=iphoneos*]" = "iPhone Developer";
				COPY_PHASE_STRIP = NO;
				DEBUG_INFORMATION_FORMAT = dwarf;
				ENABLE_STRICT_OBJC_MSGSEND = YES;
				ENABLE_TESTABILITY = YES;
				GCC_C_LANGUAGE_STANDARD = gnu99;
				GCC_DYNAMIC_NO_PIC = NO;
				GCC_NO_COMMON_BLOCKS = YES;
				GCC_OPTIMIZATION_LEVEL = 0;
				GCC_PREPROCESSOR_DEFINITIONS = (
					"DEBUG=1",
					"$(inherited)",
				);
				GCC_WARN_64_TO_32_BIT_CONVERSION = YES;
				GCC_WARN_ABOUT_RETURN_TYPE = YES_ERROR;
				GCC_WARN_UNDECLARED_SELECTOR = YES;
				GCC_WARN_UNINITIALIZED_AUTOS = YES_AGGRESSIVE;
				GCC_WARN_UNUSED_FUNCTION = YES;
				GCC_WARN_UNUSED_VARIABLE = YES;
				IPHONEOS_DEPLOYMENT_TARGET = 9.3;
				MTL_ENABLE_DEBUG_INFO = YES;
				ONLY_ACTIVE_ARCH = YES;
				SDKROOT = iphoneos;
				SWIFT_OPTIMIZATION_LEVEL = "-Onone";
			};
			name = Debug;
		};
		C4B03C121D65FFAD00DAECAC /* Release */ = {
			isa = XCBuildConfiguration;
			buildSettings = {
				ALWAYS_SEARCH_USER_PATHS = NO;
				CLANG_ANALYZER_NONNULL = YES;
				CLANG_CXX_LANGUAGE_STANDARD = "gnu++0x";
				CLANG_CXX_LIBRARY = "libc++";
				CLANG_ENABLE_MODULES = YES;
				CLANG_ENABLE_OBJC_ARC = YES;
				CLANG_WARN_BOOL_CONVERSION = YES;
				CLANG_WARN_CONSTANT_CONVERSION = YES;
				CLANG_WARN_DIRECT_OBJC_ISA_USAGE = YES_ERROR;
				CLANG_WARN_EMPTY_BODY = YES;
				CLANG_WARN_ENUM_CONVERSION = YES;
				CLANG_WARN_INT_CONVERSION = YES;
				CLANG_WARN_OBJC_ROOT_CLASS = YES_ERROR;
				CLANG_WARN_UNREACHABLE_CODE = YES;
				CLANG_WARN__DUPLICATE_METHOD_MATCH = YES;
				"CODE_SIGN_IDENTITY[sdk=iphoneos*]" = "iPhone Developer";
				COPY_PHASE_STRIP = NO;
				DEBUG_INFORMATION_FORMAT = "dwarf-with-dsym";
				ENABLE_NS_ASSERTIONS = NO;
				ENABLE_STRICT_OBJC_MSGSEND = YES;
				GCC_C_LANGUAGE_STANDARD = gnu99;
				GCC_NO_COMMON_BLOCKS = YES;
				GCC_WARN_64_TO_32_BIT_CONVERSION = YES;
				GCC_WARN_ABOUT_RETURN_TYPE = YES_ERROR;
				GCC_WARN_UNDECLARED_SELECTOR = YES;
				GCC_WARN_UNINITIALIZED_AUTOS = YES_AGGRESSIVE;
				GCC_WARN_UNUSED_FUNCTION = YES;
				GCC_WARN_UNUSED_VARIABLE = YES;
				IPHONEOS_DEPLOYMENT_TARGET = 9.3;
				MTL_ENABLE_DEBUG_INFO = NO;
				SDKROOT = iphoneos;
				VALIDATE_PRODUCT = YES;
			};
			name = Release;
		};
		C4B03C141D65FFAD00DAECAC /* Debug */ = {
			isa = XCBuildConfiguration;
			buildSettings = {
				ASSETCATALOG_COMPILER_APPICON_NAME = AppIcon;
				INFOPLIST_FILE = UnwindSegue/Info.plist;
				LD_RUNPATH_SEARCH_PATHS = "$(inherited) @executable_path/Frameworks";
				PRODUCT_BUNDLE_IDENTIFIER = com.origheart.UnwindSegue;
				PRODUCT_NAME = "$(TARGET_NAME)";
			};
			name = Debug;
		};
		C4B03C151D65FFAD00DAECAC /* Release */ = {
			isa = XCBuildConfiguration;
			buildSettings = {
				ASSETCATALOG_COMPILER_APPICON_NAME = AppIcon;
				INFOPLIST_FILE = UnwindSegue/Info.plist;
				LD_RUNPATH_SEARCH_PATHS = "$(inherited) @executable_path/Frameworks";
				PRODUCT_BUNDLE_IDENTIFIER = com.origheart.UnwindSegue;
				PRODUCT_NAME = "$(TARGET_NAME)";
			};
			name = Release;
		};
/* End XCBuildConfiguration section */

/* Begin XCConfigurationList section */
		C4B03BFC1D65FFAD00DAECAC /* Build configuration list for PBXProject "UnwindSegue" */ = {
			isa = XCConfigurationList;
			buildConfigurations = (
				C4B03C111D65FFAD00DAECAC /* Debug */,
				C4B03C121D65FFAD00DAECAC /* Release */,
			);
			defaultConfigurationIsVisible = 0;
			defaultConfigurationName = Release;
		};
		C4B03C131D65FFAD00DAECAC /* Build configuration list for PBXNativeTarget "UnwindSegue" */ = {
			isa = XCConfigurationList;
			buildConfigurations = (
				C4B03C141D65FFAD00DAECAC /* Debug */,
				C4B03C151D65FFAD00DAECAC /* Release */,
			);
			defaultConfigurationIsVisible = 0;
		};
/* End XCConfigurationList section */
	};
	rootObject = C4B03BF91D65FFAD00DAECAC /* Project object */;
}
